
Microsoft Visual Studio Solution File, Format Version 12.00
# Visual Studio Version 17
VisualStudioVersion = 17.3.32901.215
MinimumVisualStudioVersion = 10.0.40219.1
Project("{FAE04EC0-301F-11D3-BF4B-00C04F79EFBC}") = "ATM Project A2", "ATM Project A2.csproj", "{664669AF-56C7-475C-953C-58FBF2021227}"
EndProject
Global
	GlobalSection(SolutionConfigurationPlatforms) = preSolution
		Debug|Any CPU = Debug|Any CPU
		Release|Any CPU = Release|Any CPU
	EndGlobalSection
	GlobalSection(ProjectConfigurationPlatforms) = postSolution
		{664669AF-56C7-475C-953C-58FBF2021227}.Debug|Any CPU.ActiveCfg = Debug|Any CPU
		{664669AF-56C7-475C-953C-58FBF2021227}.Debug|Any CPU.Build.0 = Debug|Any CPU
		{664669AF-56C7-475C-953C-58FBF2021227}.Release|Any CPU.ActiveCfg = Release|Any CPU
		{664669AF-56C7-475C-953C-58FBF2021227}.Release|Any CPU.Build.0 = Release|Any CPU
	EndGlobalSection
	GlobalSection(SolutionProperties) = preSolution
		HideSolutionNode = FALSE
	EndGlobalSection
	GlobalSection(ExtensibilityGlobals) = postSolution
		SolutionGuid = {025FFDFB-3432-4E4D-A569-D1FDAAAF61AF}
	EndGlobalSection
EndGlobal
